{
  "name": "masterdrop-workspace",
  "version": "1.0.0",
  "lockfileVersion": 3,
  "requires": true,
  "packages": {
    "": {
      "name": "masterdrop-workspace",
      "version": "1.0.0",
      "hasInstallScript": true,
      "dependencies": {
        "serverless-http": "^2.7.0"
      }
    },
    "node_modules/@types/aws-lambda": {
      "version": "8.10.162",
      "resolved": "https://registry.npmjs.org/@types/aws-lambda/-/aws-lambda-8.10.162.tgz",
      "integrity": "sha512-Fn658grtLOci1oxi1391vvDWJRKNGWRSqfxRkmN/Iy3c0tQH1USMKEXcPYHLvope+ZgTFocx9FRQJx1muBL6qw==",
      "license": "MIT",
      "optional": true
    },
    "node_modules/serverless-http": {
      "version": "2.7.0",
      "resolved": "https://registry.npmjs.org/serverless-http/-/serverless-http-2.7.0.tgz",
      "integrity": "sha512-iWq0z1X2Xkuvz6wL305uCux/SypbojHlYsB5bzmF5TqoLYsdvMNIoCsgtWjwqWoo3AR2cjw3zAmHN2+U6mF99Q==",
      "license": "MIT",
      "engines": {
        "node": ">=8.0"
      },
      "optionalDependencies": {
        "@types/aws-lambda": "^8.10.56"
      }
    }
  }
}
